%{
  "broadway": {:hex, :broadway, "1.0.0", "da99ca10aa221a9616ccff8cb8124510b7e063112d4593c3bae50448b37bbc90", [:mix], [{:gen_stage, "~> 1.0", [hex: :gen_stage, repo: "hexpm", optional: false]}, {:nimble_options, "~> 0.3.0", [hex: :nimble_options, repo: "hexpm", optional: false]}, {:telemetry, "~> 0.4.3 or ~> 1.0", [hex: :telemetry, repo: "hexpm", optional: false]}], "hexpm", "b86ebd492f687edc9ad44d0f9e359da70f305b6d090e92a06551cef71ec41324"},
  "broadway_dashboard": {:hex, :broadway_dashboard, "0.2.1", "12bd962bbe546c5af61fbfedf8c92651e77e65ea42825375ed1f0647c513cd24", [:mix], [{:broadway, "~> 1.0", [hex: :broadway, repo: "hexpm", optional: false]}, {:phoenix_live_dashboard, "~> 0.5.1", [hex: :phoenix_live_dashboard, repo: "hexpm", optional: false]}], "hexpm", "2abe22f5200e9f7a52350811eb003a0ba191ef75ec1ad8a0d0cded71d35c5bf2"},
  "connection": {:hex, :connection, "1.1.0", "ff2a49c4b75b6fb3e674bfc5536451607270aac754ffd1bdfe175abe4a6d7a68", [:mix], [], "hexpm", "722c1eb0a418fbe91ba7bd59a47e28008a189d47e37e0e7bb85585a016b2869c"},
  "cowboy": {:hex, :cowboy, "2.9.0", "865dd8b6607e14cf03282e10e934023a1bd8be6f6bacf921a7e2a96d800cd452", [:make, :rebar3], [{:cowlib, "2.11.0", [hex: :cowlib, repo: "hexpm", optional: false]}, {:ranch, "1.8.0", [hex: :ranch, repo: "hexpm", optional: false]}], "hexpm", "2c729f934b4e1aa149aff882f57c6372c15399a20d54f65c8d67bef583021bde"},
  "cowboy_telemetry": {:hex, :cowboy_telemetry, "0.4.0", "f239f68b588efa7707abce16a84d0d2acf3a0f50571f8bb7f56a15865aae820c", [:rebar3], [{:cowboy, "~> 2.7", [hex: :cowboy, repo: "hexpm", optional: false]}, {:telemetry, "~> 1.0", [hex: :telemetry, repo: "hexpm", optional: false]}], "hexpm", "7d98bac1ee4565d31b62d59f8823dfd8356a169e7fcbb83831b8a5397404c9de"},
  "cowlib": {:hex, :cowlib, "2.11.0", "0b9ff9c346629256c42ebe1eeb769a83c6cb771a6ee5960bd110ab0b9b872063", [:make, :rebar3], [], "hexpm", "2b3e9da0b21c4565751a6d4901c20d1b4cc25cbb7fd50d91d2ab6dd287bc86a9"},
  "db_connection": {:hex, :db_connection, "2.4.0", "d04b1b73795dae60cead94189f1b8a51cc9e1f911c234cc23074017c43c031e5", [:mix], [{:connection, "~> 1.0", [hex: :connection, repo: "hexpm", optional: false]}, {:telemetry, "~> 0.4 or ~> 1.0", [hex: :telemetry, repo: "hexpm", optional: false]}], "hexpm", "ad416c21ad9f61b3103d254a71b63696ecadb6a917b36f563921e0de00d7d7c8"},
  "decimal": {:hex, :decimal, "2.0.0", "a78296e617b0f5dd4c6caf57c714431347912ffb1d0842e998e9792b5642d697", [:mix], [], "hexpm", "34666e9c55dea81013e77d9d87370fe6cb6291d1ef32f46a1600230b1d44f577"},
  "earmark_parser": {:hex, :earmark_parser, "1.4.15", "b29e8e729f4aa4a00436580dcc2c9c5c51890613457c193cc8525c388ccb2f06", [:mix], [], "hexpm", "044523d6438ea19c1b8ec877ec221b008661d3c27e3b848f4c879f500421ca5c"},
  "ecto": {:hex, :ecto, "3.7.1", "a20598862351b29f80f285b21ec5297da1181c0442687f9b8329f0445d228892", [:mix], [{:decimal, "~> 1.6 or ~> 2.0", [hex: :decimal, repo: "hexpm", optional: false]}, {:jason, "~> 1.0", [hex: :jason, repo: "hexpm", optional: true]}, {:telemetry, "~> 0.4 or ~> 1.0", [hex: :telemetry, repo: "hexpm", optional: false]}], "hexpm", "d36e5b39fc479e654cffd4dbe1865d9716e4a9b6311faff799b6f90ab81b8638"},
  "ecto_psql_extras": {:hex, :ecto_psql_extras, "0.7.0", "d8aa261062e7acfaa3fcbef41f4d4fd83215a30d9eb5adc0a6e6d14f15ae3944", [:mix], [{:ecto_sql, "~> 3.4", [hex: :ecto_sql, repo: "hexpm", optional: false]}, {:postgrex, ">= 0.15.7", [hex: :postgrex, repo: "hexpm", optional: false]}, {:table_rex, "~> 3.1.1", [hex: :table_rex, repo: "hexpm", optional: false]}], "hexpm", "6ae6d0635d553e7a89b641a1379b49d0b52e4d0cce2cce8cf980f5b7cda6184f"},
  "ecto_sql": {:hex, :ecto_sql, "3.7.0", "2fcaad4ab0c8d76a5afbef078162806adbe709c04160aca58400d5cbbe8eeac6", [:mix], [{:db_connection, "~> 2.2", [hex: :db_connection, repo: "hexpm", optional: false]}, {:ecto, "~> 3.7.0", [hex: :ecto, repo: "hexpm", optional: false]}, {:myxql, "~> 0.4.0 or ~> 0.5.0", [hex: :myxql, repo: "hexpm", optional: true]}, {:postgrex, "~> 0.15.0 or ~> 1.0", [hex: :postgrex, repo: "hexpm", optional: true]}, {:tds, "~> 2.1.1", [hex: :tds, repo: "hexpm", optional: true]}, {:telemetry, "~> 0.4.0 or ~> 1.0", [hex: :telemetry, repo: "hexpm", optional: false]}], "hexpm", "a26135dfa1d99bf87a928c464cfa25bba6535a4fe761eefa56077a4febc60f70"},
  "ex_doc": {:hex, :ex_doc, "0.25.3", "3edf6a0d70a39d2eafde030b8895501b1c93692effcbd21347296c18e47618ce", [:mix], [{:earmark_parser, "~> 1.4.0", [hex: :earmark_parser, repo: "hexpm", optional: false]}, {:makeup_elixir, "~> 0.14", [hex: :makeup_elixir, repo: "hexpm", optional: false]}, {:makeup_erlang, "~> 0.1", [hex: :makeup_erlang, repo: "hexpm", optional: false]}], "hexpm", "9ebebc2169ec732a38e9e779fd0418c9189b3ca93f4a676c961be6c1527913f5"},
  "gen_stage": {:hex, :gen_stage, "1.1.1", "78d83b14ca742f4c252770bcdf674d83378ca41579c387c57e2f06d70f596317", [:mix], [], "hexpm", "eb90d2d72609050a66ce42b7d4a69323a60c892a09ead0680d5d8ef16b9a034e"},
  "jason": {:hex, :jason, "1.2.2", "ba43e3f2709fd1aa1dce90aaabfd039d000469c05c56f0b8e31978e03fa39052", [:mix], [{:decimal, "~> 1.0 or ~> 2.0", [hex: :decimal, repo: "hexpm", optional: true]}], "hexpm", "18a228f5f0058ee183f29f9eae0805c6e59d61c3b006760668d8d18ff0d12179"},
  "makeup": {:hex, :makeup, "1.0.5", "d5a830bc42c9800ce07dd97fa94669dfb93d3bf5fcf6ea7a0c67b2e0e4a7f26c", [:mix], [{:nimble_parsec, "~> 0.5 or ~> 1.0", [hex: :nimble_parsec, repo: "hexpm", optional: false]}], "hexpm", "cfa158c02d3f5c0c665d0af11512fed3fba0144cf1aadee0f2ce17747fba2ca9"},
  "makeup_elixir": {:hex, :makeup_elixir, "0.15.1", "b5888c880d17d1cc3e598f05cdb5b5a91b7b17ac4eaf5f297cb697663a1094dd", [:mix], [{:makeup, "~> 1.0", [hex: :makeup, repo: "hexpm", optional: false]}, {:nimble_parsec, "~> 1.1", [hex: :nimble_parsec, repo: "hexpm", optional: false]}], "hexpm", "db68c173234b07ab2a07f645a5acdc117b9f99d69ebf521821d89690ae6c6ec8"},
  "makeup_erlang": {:hex, :makeup_erlang, "0.1.1", "3fcb7f09eb9d98dc4d208f49cc955a34218fc41ff6b84df7c75b3e6e533cc65f", [:mix], [{:makeup, "~> 1.0", [hex: :makeup, repo: "hexpm", optional: false]}], "hexpm", "174d0809e98a4ef0b3309256cbf97101c6ec01c4ab0b23e926a9e17df2077cbb"},
  "mime": {:hex, :mime, "2.0.1", "0de4c81303fe07806ebc2494d5321ce8fb4df106e34dd5f9d787b637ebadc256", [:mix], [], "hexpm", "7a86b920d2aedce5fb6280ac8261ac1a739ae6c1a1ad38f5eadf910063008942"},
  "nimble_options": {:hex, :nimble_options, "0.3.7", "1e52dd7673d36138b1a5dede183b5d86dff175dc46d104a8e98e396b85b04670", [:mix], [], "hexpm", "2086907e6665c6b6579be54ef5001928df5231f355f71ed258f80a55e9f63633"},
  "nimble_parsec": {:hex, :nimble_parsec, "1.1.0", "3a6fca1550363552e54c216debb6a9e95bd8d32348938e13de5eda962c0d7f89", [:mix], [], "hexpm", "08eb32d66b706e913ff748f11694b17981c0b04a33ef470e33e11b3d3ac8f54b"},
  "phoenix": {:hex, :phoenix, "1.5.13", "d4e0805ec0973bed80d67302631130fb47d75b1a0b7335a0b23c4432b6ce55ee", [:mix], [{:jason, "~> 1.0", [hex: :jason, repo: "hexpm", optional: true]}, {:phoenix_html, "~> 2.13 or ~> 3.0", [hex: :phoenix_html, repo: "hexpm", optional: true]}, {:phoenix_pubsub, "~> 2.0", [hex: :phoenix_pubsub, repo: "hexpm", optional: false]}, {:plug, "~> 1.10", [hex: :plug, repo: "hexpm", optional: false]}, {:plug_cowboy, "~> 1.0 or ~> 2.2", [hex: :plug_cowboy, repo: "hexpm", optional: true]}, {:plug_crypto, "~> 1.1.2 or ~> 1.2", [hex: :plug_crypto, repo: "hexpm", optional: false]}, {:telemetry, "~> 0.4 or ~> 1.0", [hex: :telemetry, repo: "hexpm", optional: false]}], "hexpm", "1a7c4f1900e6e60bb60ae6680e48418e3f7c360d58bcb9f812487b6d0d281a0f"},
  "phoenix_html": {:hex, :phoenix_html, "3.0.3", "32812d70841c7e975e01edb591989b2b002b69797db1005b8d0adc1fe717be30", [:mix], [{:plug, "~> 1.5", [hex: :plug, repo: "hexpm", optional: true]}], "hexpm", "e8152ae9e8c60705659761edb8d8c4bb7e29130a9b0803ec1854fe137ec62dde"},
  "phoenix_live_dashboard": {:hex, :phoenix_live_dashboard, "0.5.2", "b3b863ba9da3c9bd0b18fc32e96e8e5e25faf6a5f62db1dd91029835ea4cc90f", [:mix], [{:ecto, "~> 3.6.2 or ~> 3.7", [hex: :ecto, repo: "hexpm", optional: true]}, {:ecto_psql_extras, "~> 0.7", [hex: :ecto_psql_extras, repo: "hexpm", optional: true]}, {:phoenix_live_view, "~> 0.16.0", [hex: :phoenix_live_view, repo: "hexpm", optional: false]}, {:telemetry_metrics, "~> 0.6.0", [hex: :telemetry_metrics, repo: "hexpm", optional: false]}], "hexpm", "6d7124f36ee6c74be334386b8b5a1eb27223c77f86f4167de132b9358036f199"},
  "phoenix_live_view": {:hex, :phoenix_live_view, "0.16.3", "f6f597c74cfc8b00919eb717852b9b750fc326f815ef6b8d6ae503c7d9d09871", [:mix], [{:jason, "~> 1.0", [hex: :jason, repo: "hexpm", optional: true]}, {:phoenix, "~> 1.5.9 or ~> 1.6.0", [hex: :phoenix, repo: "hexpm", optional: false]}, {:phoenix_html, "~> 3.0", [hex: :phoenix_html, repo: "hexpm", optional: false]}, {:telemetry, "~> 0.4.2 or ~> 1.0", [hex: :telemetry, repo: "hexpm", optional: false]}], "hexpm", "42bac6b82fd182f10b0b3b39d57aaf2fbe5eab423f8216afeeea9c6b1bd14554"},
  "phoenix_pubsub": {:hex, :phoenix_pubsub, "2.0.0", "a1ae76717bb168cdeb10ec9d92d1480fec99e3080f011402c0a2d68d47395ffb", [:mix], [], "hexpm", "c52d948c4f261577b9c6fa804be91884b381a7f8f18450c5045975435350f771"},
  "phoenix_view": {:hex, :phoenix_view, "1.0.0", "fea71ecaaed71178b26dd65c401607de5ec22e2e9ef141389c721b3f3d4d8011", [:mix], [{:phoenix_html, "~> 2.14.2 or ~> 3.0", [hex: :phoenix_html, repo: "hexpm", optional: true]}], "hexpm", "82be3e2516f5633220246e2e58181282c71640dab7afc04f70ad94253025db0c"},
  "plug": {:hex, :plug, "1.12.1", "645678c800601d8d9f27ad1aebba1fdb9ce5b2623ddb961a074da0b96c35187d", [:mix], [{:mime, "~> 1.0 or ~> 2.0", [hex: :mime, repo: "hexpm", optional: false]}, {:plug_crypto, "~> 1.1.1 or ~> 1.2", [hex: :plug_crypto, repo: "hexpm", optional: false]}, {:telemetry, "~> 0.4.3 or ~> 1.0", [hex: :telemetry, repo: "hexpm", optional: false]}], "hexpm", "d57e799a777bc20494b784966dc5fbda91eb4a09f571f76545b72a634ce0d30b"},
  "plug_cowboy": {:hex, :plug_cowboy, "2.5.2", "62894ccd601cf9597e2c23911ff12798a8a18d237e9739f58a6b04e4988899fe", [:mix], [{:cowboy, "~> 2.7", [hex: :cowboy, repo: "hexpm", optional: false]}, {:cowboy_telemetry, "~> 0.3", [hex: :cowboy_telemetry, repo: "hexpm", optional: false]}, {:plug, "~> 1.7", [hex: :plug, repo: "hexpm", optional: false]}], "hexpm", "ea6e87f774c8608d60c8d34022a7d073bd7680a0a013f049fc62bf35efea1044"},
  "plug_crypto": {:hex, :plug_crypto, "1.2.2", "05654514ac717ff3a1843204b424477d9e60c143406aa94daf2274fdd280794d", [:mix], [], "hexpm", "87631c7ad914a5a445f0a3809f99b079113ae4ed4b867348dd9eec288cecb6db"},
  "postgrex": {:hex, :postgrex, "0.15.10", "2809dee1b1d76f7cbabe570b2a9285c2e7b41be60cf792f5f2804a54b838a067", [:mix], [{:connection, "~> 1.0", [hex: :connection, repo: "hexpm", optional: false]}, {:db_connection, "~> 2.1", [hex: :db_connection, repo: "hexpm", optional: false]}, {:decimal, "~> 1.5 or ~> 2.0", [hex: :decimal, repo: "hexpm", optional: false]}, {:jason, "~> 1.0", [hex: :jason, repo: "hexpm", optional: true]}], "hexpm", "1560ca427542f6b213f8e281633ae1a3b31cdbcd84ebd7f50628765b8f6132be"},
  "ranch": {:hex, :ranch, "1.8.0", "8c7a100a139fd57f17327b6413e4167ac559fbc04ca7448e9be9057311597a1d", [:make, :rebar3], [], "hexpm", "49fbcfd3682fab1f5d109351b61257676da1a2fdbe295904176d5e521a2ddfe5"},
  "table_rex": {:hex, :table_rex, "3.1.1", "0c67164d1714b5e806d5067c1e96ff098ba7ae79413cc075973e17c38a587caa", [:mix], [], "hexpm", "678a23aba4d670419c23c17790f9dcd635a4a89022040df7d5d772cb21012490"},
  "telemetry": {:hex, :telemetry, "1.0.0", "0f453a102cdf13d506b7c0ab158324c337c41f1cc7548f0bc0e130bbf0ae9452", [:rebar3], [], "hexpm", "73bc09fa59b4a0284efb4624335583c528e07ec9ae76aca96ea0673850aec57a"},
  "telemetry_metrics": {:hex, :telemetry_metrics, "0.6.1", "315d9163a1d4660aedc3fee73f33f1d355dcc76c5c3ab3d59e76e3edf80eef1f", [:mix], [{:telemetry, "~> 0.4 or ~> 1.0", [hex: :telemetry, repo: "hexpm", optional: false]}], "hexpm", "7be9e0871c41732c233be71e4be11b96e56177bf15dde64a8ac9ce72ac9834c6"},
}
